
Microsoft Visual Studio Solution File, Format Version 12.00
# Visual Studio Version 16
VisualStudioVersion = 16.0.29728.190
MinimumVisualStudioVersion = 10.0.40219.1
Project("{FAE04EC0-301F-11D3-BF4B-00C04F79EFBC}") = "SampleWebApi", "SampleWebApi\SampleWebApi.csproj", "{6BF75D7F-A4B5-4FC6-A209-6F7679481038}"
EndProject
Global
	GlobalSection(SolutionConfigurationPlatforms) = preSolution
		Debug|Any CPU = Debug|Any CPU
		Release|Any CPU = Release|Any CPU
	EndGlobalSection
	GlobalSection(ProjectConfigurationPlatforms) = postSolution
		{6BF75D7F-A4B5-4FC6-A209-6F7679481038}.Debug|Any CPU.ActiveCfg = Debug|Any CPU
		{6BF75D7F-A4B5-4FC6-A209-6F7679481038}.Debug|Any CPU.Build.0 = Debug|Any CPU
		{6BF75D7F-A4B5-4FC6-A209-6F7679481038}.Release|Any CPU.ActiveCfg = Release|Any CPU
		{6BF75D7F-A4B5-4FC6-A209-6F7679481038}.Release|Any CPU.Build.0 = Release|Any CPU
	EndGlobalSection
	GlobalSection(SolutionProperties) = preSolution
		HideSolutionNode = FALSE
	EndGlobalSection
	GlobalSection(ExtensibilityGlobals) = postSolution
		SolutionGuid = {751AF7E5-3ED0-4A93-AA03-7A01838C28AD}
	EndGlobalSection
EndGlobal
